
Microsoft Visual Studio Solution File, Format Version 12.00
# Visual Studio 15
VisualStudioVersion = 15.0.28307.168
MinimumVisualStudioVersion = 10.0.40219.1
Project("{FAE04EC0-301F-11D3-BF4B-00C04F79EFBC}") = "CSD3354-2-Assignment-2-c0728853", "CSD3354-2-Assignment-2-c0728853\CSD3354-2-Assignment-2-c0728853.csproj", "{65F6C747-A495-4872-88CE-1C0B0ACCC851}"
EndProject
Global
	GlobalSection(SolutionConfigurationPlatforms) = preSolution
		Debug|Any CPU = Debug|Any CPU
		Release|Any CPU = Release|Any CPU
	EndGlobalSection
	GlobalSection(ProjectConfigurationPlatforms) = postSolution
		{65F6C747-A495-4872-88CE-1C0B0ACCC851}.Debug|Any CPU.ActiveCfg = Debug|Any CPU
		{65F6C747-A495-4872-88CE-1C0B0ACCC851}.Debug|Any CPU.Build.0 = Debug|Any CPU
		{65F6C747-A495-4872-88CE-1C0B0ACCC851}.Release|Any CPU.ActiveCfg = Release|Any CPU
		{65F6C747-A495-4872-88CE-1C0B0ACCC851}.Release|Any CPU.Build.0 = Release|Any CPU
	EndGlobalSection
	GlobalSection(SolutionProperties) = preSolution
		HideSolutionNode = FALSE
	EndGlobalSection
	GlobalSection(ExtensibilityGlobals) = postSolution
		SolutionGuid = {C7FB2867-C2F4-4770-9532-4E01C60C0CBC}
	EndGlobalSection
EndGlobal
